
Microsoft Visual Studio Solution File, Format Version 12.00
# Visual Studio 15
VisualStudioVersion = 15.0.27130.2036
MinimumVisualStudioVersion = 10.0.40219.1
Project("{888888A0-9F3D-457C-B088-3A5042F75D52}") = "JumpToMachineLearning", "JumpToMachineLearning.pyproj", "{DE08BFB8-529E-443F-893C-432F6048ECBD}"
EndProject
Project("{888888A0-9F3D-457C-B088-3A5042F75D52}") = "TopPythonLibsForML", "..\TopPythonLibsForML\TopPythonLibsForML.pyproj", "{E8D3908F-C271-46C4-BED6-07102408E45F}"
EndProject
Global
	GlobalSection(SolutionConfigurationPlatforms) = preSolution
		Debug|Any CPU = Debug|Any CPU
		Release|Any CPU = Release|Any CPU
	EndGlobalSection
	GlobalSection(ProjectConfigurationPlatforms) = postSolution
		{DE08BFB8-529E-443F-893C-432F6048ECBD}.Debug|Any CPU.ActiveCfg = Debug|Any CPU
		{DE08BFB8-529E-443F-893C-432F6048ECBD}.Release|Any CPU.ActiveCfg = Release|Any CPU
		{E8D3908F-C271-46C4-BED6-07102408E45F}.Debug|Any CPU.ActiveCfg = Debug|Any CPU
		{E8D3908F-C271-46C4-BED6-07102408E45F}.Release|Any CPU.ActiveCfg = Release|Any CPU
	EndGlobalSection
	GlobalSection(SolutionProperties) = preSolution
		HideSolutionNode = FALSE
	EndGlobalSection
	GlobalSection(ExtensibilityGlobals) = postSolution
		SolutionGuid = {F27E204E-DB61-4DC1-8EBC-7CD8D5270AE0}
	EndGlobalSection
EndGlobal
